
Microsoft Visual Studio Solution File, Format Version 12.00
# Visual Studio Version 17
VisualStudioVersion = 17.14.37502.11 d17.14
MinimumVisualStudioVersion = 10.0.40219.1
Project("{FAE04EC0-301F-11D3-BF4B-00C04F79EFBC}") = "TodoListApi", "TodoListApi.csproj", "{2328291D-7424-4973-B93B-EA6FC9823037}"
EndProject
Global
	GlobalSection(SolutionConfigurationPlatforms) = preSolution
		Debug|Any CPU = Debug|Any CPU
		Release|Any CPU = Release|Any CPU
	EndGlobalSection
	GlobalSection(ProjectConfigurationPlatforms) = postSolution
		{2328291D-7424-4973-B93B-EA6FC9823037}.Debug|Any CPU.ActiveCfg = Debug|Any CPU
		{2328291D-7424-4973-B93B-EA6FC9823037}.Debug|Any CPU.Build.0 = Debug|Any CPU
		{2328291D-7424-4973-B93B-EA6FC9823037}.Release|Any CPU.ActiveCfg = Release|Any CPU
		{2328291D-7424-4973-B93B-EA6FC9823037}.Release|Any CPU.Build.0 = Release|Any CPU
	EndGlobalSection
	GlobalSection(SolutionProperties) = preSolution
		HideSolutionNode = FALSE
	EndGlobalSection
	GlobalSection(ExtensibilityGlobals) = postSolution
		SolutionGuid = {33B7BD3C-C2DD-4360-963C-CDA5BCC00D6E}
	EndGlobalSection
EndGlobal
